
Microsoft Visual Studio Solution File, Format Version 12.00
# Visual Studio Version 17
VisualStudioVersion = 17.9.34723.18
MinimumVisualStudioVersion = 10.0.40219.1
Project("{9A19103F-16F7-4668-BE54-9A1E7A4F7556}") = "incomeExpensTrckAVALONIA", "incomeExpensTrckAVALONIA\incomeExpensTrckAVALONIA.csproj", "{CB9597A0-67AB-477D-BEA9-84D84680C7B5}"
EndProject
Project("{9A19103F-16F7-4668-BE54-9A1E7A4F7556}") = "incomeExpensTrckAVALONIA.Android", "incomeExpensTrckAVALONIA.Android\incomeExpensTrckAVALONIA.Android.csproj", "{6AAA7B2F-5D7B-46CB-B154-DF0DF8F9F0A6}"
EndProject
Global
	GlobalSection(SolutionConfigurationPlatforms) = preSolution
		Debug|Any CPU = Debug|Any CPU
		Release|Any CPU = Release|Any CPU
	EndGlobalSection
	GlobalSection(ProjectConfigurationPlatforms) = postSolution
		{CB9597A0-67AB-477D-BEA9-84D84680C7B5}.Debug|Any CPU.ActiveCfg = Debug|Any CPU
		{CB9597A0-67AB-477D-BEA9-84D84680C7B5}.Debug|Any CPU.Build.0 = Debug|Any CPU
		{CB9597A0-67AB-477D-BEA9-84D84680C7B5}.Release|Any CPU.ActiveCfg = Release|Any CPU
		{CB9597A0-67AB-477D-BEA9-84D84680C7B5}.Release|Any CPU.Build.0 = Release|Any CPU
		{6AAA7B2F-5D7B-46CB-B154-DF0DF8F9F0A6}.Debug|Any CPU.ActiveCfg = Debug|Any CPU
		{6AAA7B2F-5D7B-46CB-B154-DF0DF8F9F0A6}.Debug|Any CPU.Build.0 = Debug|Any CPU
		{6AAA7B2F-5D7B-46CB-B154-DF0DF8F9F0A6}.Debug|Any CPU.Deploy.0 = Debug|Any CPU
		{6AAA7B2F-5D7B-46CB-B154-DF0DF8F9F0A6}.Release|Any CPU.ActiveCfg = Release|Any CPU
		{6AAA7B2F-5D7B-46CB-B154-DF0DF8F9F0A6}.Release|Any CPU.Build.0 = Release|Any CPU
		{6AAA7B2F-5D7B-46CB-B154-DF0DF8F9F0A6}.Release|Any CPU.Deploy.0 = Release|Any CPU
	EndGlobalSection
	GlobalSection(SolutionProperties) = preSolution
		HideSolutionNode = FALSE
	EndGlobalSection
	GlobalSection(ExtensibilityGlobals) = postSolution
		SolutionGuid = {8681C9D8-A0C1-4D49-9360-E8BFF9A55D16}
	EndGlobalSection
EndGlobal
